{
    "version": 3,
    "terraform_version": "0.11.11",
    "serial": 7,
    "lineage": "65840600-66cb-fa4d-68f6-7c2ecc29201c",
    "modules": [
        {
            "path": [
                "root"
            ],
            "outputs": {},
            "resources": {
                "digitalocean_droplet.web": {
                    "type": "digitalocean_droplet",
                    "depends_on": [
                        "digitalocean_ssh_key.claudio"
                    ],
                    "primary": {
                        "id": "142395383",
                        "attributes": {
                            "backups": "false",
                            "disk": "25",
                            "id": "142395383",
                            "image": "ubuntu-18-04-x64",
                            "ipv4_address": "206.81.11.231",
                            "ipv4_address_private": "",
                            "ipv6": "false",
                            "ipv6_address": "",
                            "ipv6_address_private": "",
                            "locked": "false",
                            "memory": "1024",
                            "monitoring": "false",
                            "name": "web-1",
                            "price_hourly": "0.00744",
                            "price_monthly": "5",
                            "private_networking": "false",
                            "region": "nyc1",
                            "resize_disk": "true",
                            "size": "s-1vcpu-1gb",
                            "ssh_keys.#": "1",
                            "ssh_keys.1725496144": "da:1a:88:75:74:a4:99:b8:7c:62:2d:d6:06:ef:fd:40",
                            "status": "active",
                            "tags.#": "0",
                            "urn": "do:droplet:142395383",
                            "user_data": "38a4e179257a466889b15075ecf517a35ada409e",
                            "vcpus": "1",
                            "volume_ids.#": "0"
                        },
                        "meta": {
                            "schema_version": "1"
                        },
                        "tainted": false
                    },
                    "deposed": [],
                    "provider": "provider.digitalocean"
                },
                "digitalocean_ssh_key.claudio": {
                    "type": "digitalocean_ssh_key",
                    "depends_on": [],
                    "primary": {
                        "id": "24479921",
                        "attributes": {
                            "fingerprint": "da:1a:88:75:74:a4:99:b8:7c:62:2d:d6:06:ef:fd:40",
                            "id": "24479921",
                            "name": "claudio",
                            "public_key": "ssh-rsa AAAAB3NzaC1yc2EAAAADAQABAAABAQCyh8dbpZWRC4w5nZwzb2vvvwaKU3A++yJLcktddzS+yYXIHbgSQk2oHMKE148T4FqqYt8r3N6/Ur//HmY9QmFWm3Fw0o/zHq1cVFfqjCAcItNUMZMqwLN5eUw178rpaU/mPCpWXTQXtTx3mIwPwq4sFeWKb7i+04aTTIjqrYiwVzlDa0exSwqoex04vEn9S7R0ms5d+K3UYrob1PLyKpt55+NDkYG6qzxoNKfFk54a11nzmmuNykMVoio5z4io/o074tPdm6F6uelxjrTJC3ZIkwQB0yWS1zgnHdH2pSH55I1yYyJWMlxyYQILdoox9kLbpCPsR/+81aJNmnt6ZY3J 172100@PGX180119.local"
                        },
                        "meta": {},
                        "tainted": false
                    },
                    "deposed": [],
                    "provider": "provider.digitalocean"
                }
            },
            "depends_on": []
        }
    ]
}
